
Microsoft Visual Studio Solution File, Format Version 12.00
# Visual Studio Version 16
VisualStudioVersion = 16.0.32002.261
MinimumVisualStudioVersion = 10.0.40219.1
Project("{FAE04EC0-301F-11D3-BF4B-00C04F79EFBC}") = "I3.WAD21.Demo.API", "I3.WAD21.Demo.API\I3.WAD21.Demo.API.csproj", "{4E841024-3C3B-41A7-8BA2-BD462429770C}"
EndProject
Global
	GlobalSection(SolutionConfigurationPlatforms) = preSolution
		Debug|Any CPU = Debug|Any CPU
		Release|Any CPU = Release|Any CPU
	EndGlobalSection
	GlobalSection(ProjectConfigurationPlatforms) = postSolution
		{4E841024-3C3B-41A7-8BA2-BD462429770C}.Debug|Any CPU.ActiveCfg = Debug|Any CPU
		{4E841024-3C3B-41A7-8BA2-BD462429770C}.Debug|Any CPU.Build.0 = Debug|Any CPU
		{4E841024-3C3B-41A7-8BA2-BD462429770C}.Release|Any CPU.ActiveCfg = Release|Any CPU
		{4E841024-3C3B-41A7-8BA2-BD462429770C}.Release|Any CPU.Build.0 = Release|Any CPU
	EndGlobalSection
	GlobalSection(SolutionProperties) = preSolution
		HideSolutionNode = FALSE
	EndGlobalSection
	GlobalSection(ExtensibilityGlobals) = postSolution
		SolutionGuid = {14E9B105-E200-4227-9241-6BC0EA2DE71E}
	EndGlobalSection
EndGlobal
